
Microsoft Visual Studio Solution File, Format Version 12.00
# Visual Studio Version 17
VisualStudioVersion = 17.0.32014.148
MinimumVisualStudioVersion = 10.0.40219.1
Project("{9A19103F-16F7-4668-BE54-9A1E7A4F7556}") = "KSP Communication", "KSP Communication\KSP Communication.csproj", "{834D627D-6B48-4375-8D96-12C5569A7AF9}"
EndProject
Global
	GlobalSection(SolutionConfigurationPlatforms) = preSolution
		Debug|Any CPU = Debug|Any CPU
		Debug|x86 = Debug|x86
		Release|Any CPU = Release|Any CPU
		Release|x86 = Release|x86
	EndGlobalSection
	GlobalSection(ProjectConfigurationPlatforms) = postSolution
		{834D627D-6B48-4375-8D96-12C5569A7AF9}.Debug|Any CPU.ActiveCfg = Debug|Any CPU
		{834D627D-6B48-4375-8D96-12C5569A7AF9}.Debug|Any CPU.Build.0 = Debug|Any CPU
		{834D627D-6B48-4375-8D96-12C5569A7AF9}.Debug|x86.ActiveCfg = Debug|Any CPU
		{834D627D-6B48-4375-8D96-12C5569A7AF9}.Debug|x86.Build.0 = Debug|Any CPU
		{834D627D-6B48-4375-8D96-12C5569A7AF9}.Release|Any CPU.ActiveCfg = Release|Any CPU
		{834D627D-6B48-4375-8D96-12C5569A7AF9}.Release|Any CPU.Build.0 = Release|Any CPU
		{834D627D-6B48-4375-8D96-12C5569A7AF9}.Release|x86.ActiveCfg = Release|Any CPU
		{834D627D-6B48-4375-8D96-12C5569A7AF9}.Release|x86.Build.0 = Release|Any CPU
	EndGlobalSection
	GlobalSection(SolutionProperties) = preSolution
		HideSolutionNode = FALSE
	EndGlobalSection
	GlobalSection(ExtensibilityGlobals) = postSolution
		SolutionGuid = {0FFF6F2F-F7C4-4E2D-A68E-B465153F2F62}
	EndGlobalSection
EndGlobal
